
Microsoft Visual Studio Solution File, Format Version 12.00
# Visual Studio Version 17
VisualStudioVersion = 17.14.36623.8
MinimumVisualStudioVersion = 10.0.40219.1
Project("{2150E333-8FDC-42A3-9474-1A3956D46DE8}") = "Task0", "Task0", "{02EA681E-C7D8-13C7-8484-4AC65E1B71E8}"
EndProject
Project("{FAE04EC0-301F-11D3-BF4B-00C04F79EFBC}") = "Tyuiu.KhafizovTV.Sprint5.Task0.V1", "Tyuiu.KhafizovTV.Sprint5.Task0.V1\Tyuiu.KhafizovTV.Sprint5.Task0.V1.csproj", "{72A18042-21E5-4255-A363-FB834B79F3C4}"
EndProject
Project("{FAE04EC0-301F-11D3-BF4B-00C04F79EFBC}") = "Tyuiu.KhafizovTV.Sprint5.Task0.V1.Lib", "Tyuiu.KhafizovTV.Sprint5.Task0.V1.Lib\Tyuiu.KhafizovTV.Sprint5.Task0.V1.Lib.csproj", "{036F782F-0456-415C-BDEE-2FB2609066FD}"
EndProject
Project("{FAE04EC0-301F-11D3-BF4B-00C04F79EFBC}") = "Tyuiu.KhafizovTV.Sprint5.Task0.V1.Test", "Tyuiu.KhafizovTV.Sprint5.Task0.V1.Test\Tyuiu.KhafizovTV.Sprint5.Task0.V1.Test.csproj", "{EC16439E-990A-4322-8E3B-3B478A40CDB6}"
EndProject
Global
	GlobalSection(SolutionConfigurationPlatforms) = preSolution
		Debug|Any CPU = Debug|Any CPU
		Release|Any CPU = Release|Any CPU
	EndGlobalSection
	GlobalSection(ProjectConfigurationPlatforms) = postSolution
		{72A18042-21E5-4255-A363-FB834B79F3C4}.Debug|Any CPU.ActiveCfg = Debug|Any CPU
		{72A18042-21E5-4255-A363-FB834B79F3C4}.Debug|Any CPU.Build.0 = Debug|Any CPU
		{72A18042-21E5-4255-A363-FB834B79F3C4}.Release|Any CPU.ActiveCfg = Release|Any CPU
		{72A18042-21E5-4255-A363-FB834B79F3C4}.Release|Any CPU.Build.0 = Release|Any CPU
		{036F782F-0456-415C-BDEE-2FB2609066FD}.Debug|Any CPU.ActiveCfg = Debug|Any CPU
		{036F782F-0456-415C-BDEE-2FB2609066FD}.Debug|Any CPU.Build.0 = Debug|Any CPU
		{036F782F-0456-415C-BDEE-2FB2609066FD}.Release|Any CPU.ActiveCfg = Release|Any CPU
		{036F782F-0456-415C-BDEE-2FB2609066FD}.Release|Any CPU.Build.0 = Release|Any CPU
		{EC16439E-990A-4322-8E3B-3B478A40CDB6}.Debug|Any CPU.ActiveCfg = Debug|Any CPU
		{EC16439E-990A-4322-8E3B-3B478A40CDB6}.Debug|Any CPU.Build.0 = Debug|Any CPU
		{EC16439E-990A-4322-8E3B-3B478A40CDB6}.Release|Any CPU.ActiveCfg = Release|Any CPU
		{EC16439E-990A-4322-8E3B-3B478A40CDB6}.Release|Any CPU.Build.0 = Release|Any CPU
	EndGlobalSection
	GlobalSection(SolutionProperties) = preSolution
		HideSolutionNode = FALSE
	EndGlobalSection
	GlobalSection(NestedProjects) = preSolution
		{72A18042-21E5-4255-A363-FB834B79F3C4} = {02EA681E-C7D8-13C7-8484-4AC65E1B71E8}
		{036F782F-0456-415C-BDEE-2FB2609066FD} = {02EA681E-C7D8-13C7-8484-4AC65E1B71E8}
		{EC16439E-990A-4322-8E3B-3B478A40CDB6} = {02EA681E-C7D8-13C7-8484-4AC65E1B71E8}
	EndGlobalSection
	GlobalSection(ExtensibilityGlobals) = postSolution
		SolutionGuid = {B024AB75-243F-4585-A19F-8F228780CF15}
	EndGlobalSection
EndGlobal
